
Microsoft Visual Studio Solution File, Format Version 12.00
# Visual Studio Version 17
VisualStudioVersion = 17.2.32602.215
MinimumVisualStudioVersion = 10.0.40219.1
Project("{FAE04EC0-301F-11D3-BF4B-00C04F79EFBC}") = "InventoryApp.Server", "InventoryApp\Server\InventoryApp.Server.csproj", "{B06C51F2-504E-4F59-BBCA-06FFF3938066}"
EndProject
Project("{FAE04EC0-301F-11D3-BF4B-00C04F79EFBC}") = "InventoryApp.Client", "InventoryApp\Client\InventoryApp.Client.csproj", "{73633C91-91E9-4205-90C6-E2363B0265B9}"
EndProject
Project("{FAE04EC0-301F-11D3-BF4B-00C04F79EFBC}") = "InventoryApp.Shared", "InventoryApp\Shared\InventoryApp.Shared.csproj", "{DEE2F59E-237F-4ECD-9175-F7BFD74CE6B5}"
EndProject
Global
	GlobalSection(SolutionConfigurationPlatforms) = preSolution
		Debug|Any CPU = Debug|Any CPU
		Release|Any CPU = Release|Any CPU
	EndGlobalSection
	GlobalSection(ProjectConfigurationPlatforms) = postSolution
		{B06C51F2-504E-4F59-BBCA-06FFF3938066}.Debug|Any CPU.ActiveCfg = Debug|Any CPU
		{B06C51F2-504E-4F59-BBCA-06FFF3938066}.Debug|Any CPU.Build.0 = Debug|Any CPU
		{B06C51F2-504E-4F59-BBCA-06FFF3938066}.Release|Any CPU.ActiveCfg = Release|Any CPU
		{B06C51F2-504E-4F59-BBCA-06FFF3938066}.Release|Any CPU.Build.0 = Release|Any CPU
		{73633C91-91E9-4205-90C6-E2363B0265B9}.Debug|Any CPU.ActiveCfg = Debug|Any CPU
		{73633C91-91E9-4205-90C6-E2363B0265B9}.Debug|Any CPU.Build.0 = Debug|Any CPU
		{73633C91-91E9-4205-90C6-E2363B0265B9}.Release|Any CPU.ActiveCfg = Release|Any CPU
		{73633C91-91E9-4205-90C6-E2363B0265B9}.Release|Any CPU.Build.0 = Release|Any CPU
		{DEE2F59E-237F-4ECD-9175-F7BFD74CE6B5}.Debug|Any CPU.ActiveCfg = Debug|Any CPU
		{DEE2F59E-237F-4ECD-9175-F7BFD74CE6B5}.Debug|Any CPU.Build.0 = Debug|Any CPU
		{DEE2F59E-237F-4ECD-9175-F7BFD74CE6B5}.Release|Any CPU.ActiveCfg = Release|Any CPU
		{DEE2F59E-237F-4ECD-9175-F7BFD74CE6B5}.Release|Any CPU.Build.0 = Release|Any CPU
	EndGlobalSection
	GlobalSection(SolutionProperties) = preSolution
		HideSolutionNode = FALSE
	EndGlobalSection
	GlobalSection(ExtensibilityGlobals) = postSolution
		SolutionGuid = {E28EBBA6-3BEB-4332-8FA6-A4886DEB6129}
	EndGlobalSection
EndGlobal
